
Microsoft Visual Studio Solution File, Format Version 12.00
# Visual Studio Version 16
VisualStudioVersion = 16.0.30114.105
MinimumVisualStudioVersion = 10.0.40219.1
Project("{FAE04EC0-301F-11D3-BF4B-00C04F79EFBC}") = "TextEditorUI", "TextEditorUI\TextEditorUI.csproj", "{3AC4FE30-FEC9-4A07-8F29-F935A311565A}"
EndProject
Project("{FAE04EC0-301F-11D3-BF4B-00C04F79EFBC}") = "TextEditorBussLog", "TextEditorBussLog\TextEditorBussLog.csproj", "{68F33E9B-702C-4487-ABBC-210731D265EB}"
EndProject
Global
	GlobalSection(SolutionConfigurationPlatforms) = preSolution
		Debug|Any CPU = Debug|Any CPU
		Release|Any CPU = Release|Any CPU
	EndGlobalSection
	GlobalSection(ProjectConfigurationPlatforms) = postSolution
		{3AC4FE30-FEC9-4A07-8F29-F935A311565A}.Debug|Any CPU.ActiveCfg = Debug|Any CPU
		{3AC4FE30-FEC9-4A07-8F29-F935A311565A}.Debug|Any CPU.Build.0 = Debug|Any CPU
		{3AC4FE30-FEC9-4A07-8F29-F935A311565A}.Release|Any CPU.ActiveCfg = Release|Any CPU
		{3AC4FE30-FEC9-4A07-8F29-F935A311565A}.Release|Any CPU.Build.0 = Release|Any CPU
		{68F33E9B-702C-4487-ABBC-210731D265EB}.Debug|Any CPU.ActiveCfg = Debug|Any CPU
		{68F33E9B-702C-4487-ABBC-210731D265EB}.Debug|Any CPU.Build.0 = Debug|Any CPU
		{68F33E9B-702C-4487-ABBC-210731D265EB}.Release|Any CPU.ActiveCfg = Release|Any CPU
		{68F33E9B-702C-4487-ABBC-210731D265EB}.Release|Any CPU.Build.0 = Release|Any CPU
	EndGlobalSection
	GlobalSection(SolutionProperties) = preSolution
		HideSolutionNode = FALSE
	EndGlobalSection
	GlobalSection(ExtensibilityGlobals) = postSolution
		SolutionGuid = {64B43574-0EBC-4686-BFDC-263E982836E2}
	EndGlobalSection
EndGlobal
